
Microsoft Visual Studio Solution File, Format Version 12.00
# Visual Studio Version 17
VisualStudioVersion = 17.1.32228.430
MinimumVisualStudioVersion = 10.0.40219.1
Project("{9A19103F-16F7-4668-BE54-9A1E7A4F7556}") = "FluentAPI", "FluentAPI\FluentAPI.csproj", "{D2B5E1CF-B9AB-4250-961C-2CADAED7CBD8}"
EndProject
Project("{FAE04EC0-301F-11D3-BF4B-00C04F79EFBC}") = "DAL", "DAL\DAL.csproj", "{8CFAE8B9-4C3C-4AA2-B13F-01106D9A2BAA}"
EndProject
Global
	GlobalSection(SolutionConfigurationPlatforms) = preSolution
		Debug|Any CPU = Debug|Any CPU
		Release|Any CPU = Release|Any CPU
	EndGlobalSection
	GlobalSection(ProjectConfigurationPlatforms) = postSolution
		{D2B5E1CF-B9AB-4250-961C-2CADAED7CBD8}.Debug|Any CPU.ActiveCfg = Debug|Any CPU
		{D2B5E1CF-B9AB-4250-961C-2CADAED7CBD8}.Debug|Any CPU.Build.0 = Debug|Any CPU
		{D2B5E1CF-B9AB-4250-961C-2CADAED7CBD8}.Release|Any CPU.ActiveCfg = Release|Any CPU
		{D2B5E1CF-B9AB-4250-961C-2CADAED7CBD8}.Release|Any CPU.Build.0 = Release|Any CPU
		{8CFAE8B9-4C3C-4AA2-B13F-01106D9A2BAA}.Debug|Any CPU.ActiveCfg = Debug|Any CPU
		{8CFAE8B9-4C3C-4AA2-B13F-01106D9A2BAA}.Debug|Any CPU.Build.0 = Debug|Any CPU
		{8CFAE8B9-4C3C-4AA2-B13F-01106D9A2BAA}.Release|Any CPU.ActiveCfg = Release|Any CPU
		{8CFAE8B9-4C3C-4AA2-B13F-01106D9A2BAA}.Release|Any CPU.Build.0 = Release|Any CPU
	EndGlobalSection
	GlobalSection(SolutionProperties) = preSolution
		HideSolutionNode = FALSE
	EndGlobalSection
	GlobalSection(ExtensibilityGlobals) = postSolution
		SolutionGuid = {DCA4562C-7888-48D5-AD63-271F9EFD18E5}
	EndGlobalSection
EndGlobal
